
Microsoft Visual Studio Solution File, Format Version 12.00
# Visual Studio 15
VisualStudioVersion = 15.0.27130.2024
MinimumVisualStudioVersion = 10.0.40219.1
Project("{FAE04EC0-301F-11D3-BF4B-00C04F79EFBC}") = "ExcelToVCF", "ExcelToVCF\ExcelToVCF.csproj", "{B97D00AF-44EE-42C0-867E-2E43C16C9959}"
EndProject
Project("{54435603-DBB4-11D2-8724-00A0C9A8B90C}") = "Setup", "Setup\Setup.vdproj", "{BCD57BDC-4828-4ED6-B953-938438E59F75}"
EndProject
Global
	GlobalSection(SolutionConfigurationPlatforms) = preSolution
		Debug|Any CPU = Debug|Any CPU
		Release|Any CPU = Release|Any CPU
	EndGlobalSection
	GlobalSection(ProjectConfigurationPlatforms) = postSolution
		{B97D00AF-44EE-42C0-867E-2E43C16C9959}.Debug|Any CPU.ActiveCfg = Debug|Any CPU
		{B97D00AF-44EE-42C0-867E-2E43C16C9959}.Debug|Any CPU.Build.0 = Debug|Any CPU
		{B97D00AF-44EE-42C0-867E-2E43C16C9959}.Release|Any CPU.ActiveCfg = Release|Any CPU
		{B97D00AF-44EE-42C0-867E-2E43C16C9959}.Release|Any CPU.Build.0 = Release|Any CPU
		{BCD57BDC-4828-4ED6-B953-938438E59F75}.Debug|Any CPU.ActiveCfg = Debug
		{BCD57BDC-4828-4ED6-B953-938438E59F75}.Release|Any CPU.ActiveCfg = Release
	EndGlobalSection
	GlobalSection(SolutionProperties) = preSolution
		HideSolutionNode = FALSE
	EndGlobalSection
	GlobalSection(ExtensibilityGlobals) = postSolution
		SolutionGuid = {EB9C4CED-CCE4-442C-B130-8350E7376E05}
	EndGlobalSection
EndGlobal
